
Microsoft Visual Studio Solution File, Format Version 12.00
# Visual Studio Version 16
VisualStudioVersion = 16.0.30611.23
MinimumVisualStudioVersion = 10.0.40219.1
Project("{8BC9CEB8-8B4A-11D0-8D11-00A0C91BC942}") = "lab1oop", "lab1oop\lab1oop.vcxproj", "{56B156BA-8072-4C65-8E4C-75A268D047F7}"
EndProject
Project("{8BC9CEB8-8B4A-11D0-8D11-00A0C91BC942}") = "TestForLab", "TestForLab\TestForLab.vcxproj", "{FC51BE8D-49E3-48D5-8C95-DEB3E18EA32F}"
EndProject
Global
	GlobalSection(SolutionConfigurationPlatforms) = preSolution
		Debug|x64 = Debug|x64
		Debug|x86 = Debug|x86
		Release|x64 = Release|x64
		Release|x86 = Release|x86
	EndGlobalSection
	GlobalSection(ProjectConfigurationPlatforms) = postSolution
		{56B156BA-8072-4C65-8E4C-75A268D047F7}.Debug|x64.ActiveCfg = Debug|x64
		{56B156BA-8072-4C65-8E4C-75A268D047F7}.Debug|x64.Build.0 = Debug|x64
		{56B156BA-8072-4C65-8E4C-75A268D047F7}.Debug|x86.ActiveCfg = Debug|Win32
		{56B156BA-8072-4C65-8E4C-75A268D047F7}.Debug|x86.Build.0 = Debug|Win32
		{56B156BA-8072-4C65-8E4C-75A268D047F7}.Release|x64.ActiveCfg = Release|x64
		{56B156BA-8072-4C65-8E4C-75A268D047F7}.Release|x64.Build.0 = Release|x64
		{56B156BA-8072-4C65-8E4C-75A268D047F7}.Release|x86.ActiveCfg = Release|Win32
		{56B156BA-8072-4C65-8E4C-75A268D047F7}.Release|x86.Build.0 = Release|Win32
		{FC51BE8D-49E3-48D5-8C95-DEB3E18EA32F}.Debug|x64.ActiveCfg = Debug|x64
		{FC51BE8D-49E3-48D5-8C95-DEB3E18EA32F}.Debug|x64.Build.0 = Debug|x64
		{FC51BE8D-49E3-48D5-8C95-DEB3E18EA32F}.Debug|x86.ActiveCfg = Debug|Win32
		{FC51BE8D-49E3-48D5-8C95-DEB3E18EA32F}.Debug|x86.Build.0 = Debug|Win32
		{FC51BE8D-49E3-48D5-8C95-DEB3E18EA32F}.Release|x64.ActiveCfg = Release|x64
		{FC51BE8D-49E3-48D5-8C95-DEB3E18EA32F}.Release|x64.Build.0 = Release|x64
		{FC51BE8D-49E3-48D5-8C95-DEB3E18EA32F}.Release|x86.ActiveCfg = Release|Win32
		{FC51BE8D-49E3-48D5-8C95-DEB3E18EA32F}.Release|x86.Build.0 = Release|Win32
	EndGlobalSection
	GlobalSection(SolutionProperties) = preSolution
		HideSolutionNode = FALSE
	EndGlobalSection
	GlobalSection(ExtensibilityGlobals) = postSolution
		SolutionGuid = {0BC55150-4D92-4CB1-BF6D-588F87DAECC3}
	EndGlobalSection
EndGlobal
